<?xml version="1.0" encoding="UTF-8"?>
<Scheme
   LastUpgradeVersion = "1530"
   version = "1.7">
   <BuildAction
      parallelizeBuildables = "YES"
      buildImplicitDependencies = "YES"
      buildArchitectures = "Automatic">
      <BuildActionEntries>
         <BuildActionEntry
            buildForTesting = "YES"
            buildForRunning = "YES"
            buildForProfiling = "YES"
            buildForArchiving = "YES"
            buildForAnalyzing = "YES">
            <BuildableReference
               BuildableIdentifier = "primary"
               BlueprintIdentifier = "3F80D1692BD1FF4C007BCA8B"
               BuildableName = "Michael DS_MAD_Week 9_AFL3.app"
               BlueprintName = "Michael DS_MAD_Week 9_AFL3"
               ReferencedContainer = "container:Michael DS_MAD_Week 9_AFL3.xcodeproj">
            </BuildableReference>
         </BuildActionEntry>
      </BuildActionEntries>
   </BuildAction>
   <TestAction
      buildConfiguration = "Debug"
      selectedDebuggerIdentifier = "Xcode.DebuggerFoundation.Debugger.LLDB"
      selectedLauncherIdentifier = "Xcode.DebuggerFoundation.Launcher.LLDB"
      shouldUseLaunchSchemeArgsEnv = "YES"
      shouldAutocreateTestPlan = "YES">
      <Testables>
         <TestableReference
            skipped = "NO"
            parallelizable = "YES">
            <BuildableReference
               BuildableIdentifier = "primary"
               BlueprintIdentifier = "3F80D1792BD1FF4D007BCA8B"
               BuildableName = "Michael DS_MAD_Week 9_AFL3Tests.xctest"
               BlueprintName = "Michael DS_MAD_Week 9_AFL3Tests"
               ReferencedContainer = "container:Michael DS_MAD_Week 9_AFL3.xcodeproj">
            </BuildableReference>
         </TestableReference>
         <TestableReference
            skipped = "NO"
            parallelizable = "YES">
            <BuildableReference
               BuildableIdentifier = "primary"
               BlueprintIdentifier = "3F80D1832BD1FF4D007BCA8B"
               BuildableName = "Michael DS_MAD_Week 9_AFL3UITests.xctest"
               BlueprintName = "Michael DS_MAD_Week 9_AFL3UITests"
               ReferencedContainer = "container:Michael DS_MAD_Week 9_AFL3.xcodeproj">
            </BuildableReference>
         </TestableReference>
      </Testables>
   </TestAction>
   <LaunchAction
      buildConfiguration = "Debug"
      selectedDebuggerIdentifier = "Xcode.DebuggerFoundation.Debugger.LLDB"
      selectedLauncherIdentifier = "Xcode.DebuggerFoundation.Launcher.LLDB"
      launchStyle = "0"
      useCustomWorkingDirectory = "NO"
      ignoresPersistentStateOnLaunch = "NO"
      debugDocumentVersioning = "YES"
      debugServiceExtension = "internal"
      allowLocationSimulation = "YES">
      <BuildableProductRunnable
         runnableDebuggingMode = "0">
         <BuildableReference
            BuildableIdentifier = "primary"
            BlueprintIdentifier = "3F80D1692BD1FF4C007BCA8B"
            BuildableName = "Michael DS_MAD_Week 9_AFL3.app"
            BlueprintName = "Michael DS_MAD_Week 9_AFL3"
            ReferencedContainer = "container:Michael DS_MAD_Week 9_AFL3.xcodeproj">
         </BuildableReference>
      </BuildableProductRunnable>
   </LaunchAction>
   <ProfileAction
      buildConfiguration = "Release"
      shouldUseLaunchSchemeArgsEnv = "YES"
      savedToolIdentifier = ""
      useCustomWorkingDirectory = "NO"
      debugDocumentVersioning = "YES">
      <BuildableProductRunnable
         runnableDebuggingMode = "0">
         <BuildableReference
            BuildableIdentifier = "primary"
            BlueprintIdentifier = "3F80D1692BD1FF4C007BCA8B"
            BuildableName = "Michael DS_MAD_Week 9_AFL3.app"
            BlueprintName = "Michael DS_MAD_Week 9_AFL3"
            ReferencedContainer = "container:Michael DS_MAD_Week 9_AFL3.xcodeproj">
         </BuildableReference>
      </BuildableProductRunnable>
   </ProfileAction>
   <AnalyzeAction
      buildConfiguration = "Debug">
   </AnalyzeAction>
   <ArchiveAction
      buildConfiguration = "Release"
      revealArchiveInOrganizer = "YES">
   </ArchiveAction>
</Scheme>
